# This file is autogenerated, do not edit; changes may be undone by the next 'dep ensure'.


[[projects]]
  name = "github.com/PuerkitoBio/goquery"
  packages = ["."]
  revision = "1b16b92ddf27ae338f7f162d5e4316b31bccdb8e"
  version = "v1.5.1"

[[projects]]
  name = "github.com/andybalholm/cascadia"
  packages = ["."]
  revision = "b69f6c92dfc187ebfe3914df716c2647a3af0ba0"
  version = "v1.1.0"

[[projects]]
  branch = "master"
  name = "github.com/go-echarts/go-echarts"
  packages = ["charts","datasets","datatypes","templates"]
  revision = "cbb3b43ade5d54354441b09f4bdbd0e6f74ebe67"

[[projects]]
  name = "github.com/gobuffalo/envy"
  packages = ["."]
  revision = "3dbe4c98c1c77e4a8fac053251c262a85e048f21"
  version = "v1.9.0"

[[projects]]
  name = "github.com/gobuffalo/packd"
  packages = [".","internal/takeon/github.com/markbates/errx"]
  revision = "128b5da43f114d0f9af8b4bba549b02e3496dfa8"
  version = "v1.0.0"

[[projects]]
  name = "github.com/gobuffalo/packr"
  packages = ["."]
  revision = "c6a5045204dacffbe11d9f6c68485ae7e7fe3d19"
  version = "v2.8.0"

[[projects]]
  name = "github.com/joho/godotenv"
  packages = ["."]
  revision = "23d116af351c84513e1946b527c88823e476be13"
  version = "v1.3.0"

[[projects]]
  name = "github.com/rogpeppe/go-internal"
  packages = ["modfile","module","semver"]
  revision = "bc89b17ba21ce5b8a495fa55a94e3fe32ecf4ed8"
  version = "v1.5.2"

[[projects]]
  branch = "master"
  name = "golang.org/x/net"
  packages = ["html","html/atom"]
  revision = "244492dfa37ae2ce87222fd06250a03160745faa"

[solve-meta]
  analyzer-name = "dep"
  analyzer-version = 1
  inputs-digest = "21dc0ccad5e9d217fc747ef8a8e0ba83a52e511917815618b7dc30c7b8383015"
  solver-name = "gps-cdcl"
  solver-version = 1
